// !$*UTF8*$!
{
	archiveVersion = 1;
	classes = {
	};
	objectVersion = 55;
	objects = {

/* Begin PBXBuildFile section */
		5946E2FEB0640ABF5533FC73 /* Pods_WeatherApp.framework in Frameworks */ = {isa = PBXBuildFile; fileRef = CDAC9185B5BE412E8C1F7570 /* Pods_WeatherApp.framework */; };
		E00657EB28A9EA26004EF0A8 /* GoogleService-Info.plist in Resources */ = {isa = PBXBuildFile; fileRef = E00657EA28A9EA26004EF0A8 /* GoogleService-Info.plist */; };
		E0267A4B28A0F7CF008AEB1C /* NetworkManager.swift in Sources */ = {isa = PBXBuildFile; fileRef = E0267A4A28A0F7CF008AEB1C /* NetworkManager.swift */; };
		E0267A7228A26DB2008AEB1C /* Coord.swift in Sources */ = {isa = PBXBuildFile; fileRef = E0267A7128A26DB2008AEB1C /* Coord.swift */; };
		E0267A7428A276DF008AEB1C /* Weather.swift in Sources */ = {isa = PBXBuildFile; fileRef = E0267A7328A276DF008AEB1C /* Weather.swift */; };
		E06D159728A4D8B1009E4817 /* Localizable.strings in Resources */ = {isa = PBXBuildFile; fileRef = E06D159928A4D8B1009E4817 /* Localizable.strings */; };
		E0E6D89828A0C91200602982 /* AppDelegate.swift in Sources */ = {isa = PBXBuildFile; fileRef = E0E6D89728A0C91200602982 /* AppDelegate.swift */; };
		E0E6D89A28A0C91200602982 /* SceneDelegate.swift in Sources */ = {isa = PBXBuildFile; fileRef = E0E6D89928A0C91200602982 /* SceneDelegate.swift */; };
		E0E6D89C28A0C91200602982 /* ViewController.swift in Sources */ = {isa = PBXBuildFile; fileRef = E0E6D89B28A0C91200602982 /* ViewController.swift */; };
		E0E6D89F28A0C91200602982 /* Main.storyboard in Resources */ = {isa = PBXBuildFile; fileRef = E0E6D89D28A0C91200602982 /* Main.storyboard */; };
		E0E6D8A128A0C91400602982 /* Assets.xcassets in Resources */ = {isa = PBXBuildFile; fileRef = E0E6D8A028A0C91400602982 /* Assets.xcassets */; };
		E0E6D8A428A0C91400602982 /* LaunchScreen.storyboard in Resources */ = {isa = PBXBuildFile; fileRef = E0E6D8A228A0C91400602982 /* LaunchScreen.storyboard */; };
		E0E6D8AE28A0F47100602982 /* ModalApp.swift in Sources */ = {isa = PBXBuildFile; fileRef = E0E6D8AD28A0F47100602982 /* ModalApp.swift */; };
		E0E6D8B128A0F52000602982 /* MainModel.swift in Sources */ = {isa = PBXBuildFile; fileRef = E0E6D8B028A0F52000602982 /* MainModel.swift */; };
		E0E6D8B328A0F5C800602982 /* WindModel.swift in Sources */ = {isa = PBXBuildFile; fileRef = E0E6D8B228A0F5C800602982 /* WindModel.swift */; };
/* End PBXBuildFile section */

/* Begin PBXFileReference section */
		4E4FE4039E93A91F4BEA98D0 /* Pods-WeatherApp.release.xcconfig */ = {isa = PBXFileReference; includeInIndex = 1; lastKnownFileType = text.xcconfig; name = "Pods-WeatherApp.release.xcconfig"; path = "Target Support Files/Pods-WeatherApp/Pods-WeatherApp.release.xcconfig"; sourceTree = "<group>"; };
		BDDE3536C2478D9B480B0013 /* Pods-WeatherApp.debug.xcconfig */ = {isa = PBXFileReference; includeInIndex = 1; lastKnownFileType = text.xcconfig; name = "Pods-WeatherApp.debug.xcconfig"; path = "Target Support Files/Pods-WeatherApp/Pods-WeatherApp.debug.xcconfig"; sourceTree = "<group>"; };
		CDAC9185B5BE412E8C1F7570 /* Pods_WeatherApp.framework */ = {isa = PBXFileReference; explicitFileType = wrapper.framework; includeInIndex = 0; path = Pods_WeatherApp.framework; sourceTree = BUILT_PRODUCTS_DIR; };
		E00657EA28A9EA26004EF0A8 /* GoogleService-Info.plist */ = {isa = PBXFileReference; fileEncoding = 4; lastKnownFileType = text.plist.xml; path = "GoogleService-Info.plist"; sourceTree = "<group>"; };
		E0267A4A28A0F7CF008AEB1C /* NetworkManager.swift */ = {isa = PBXFileReference; lastKnownFileType = sourcecode.swift; path = NetworkManager.swift; sourceTree = "<group>"; };
		E0267A7128A26DB2008AEB1C /* Coord.swift */ = {isa = PBXFileReference; lastKnownFileType = sourcecode.swift; path = Coord.swift; sourceTree = "<group>"; };
		E0267A7328A276DF008AEB1C /* Weather.swift */ = {isa = PBXFileReference; lastKnownFileType = sourcecode.swift; path = Weather.swift; sourceTree = "<group>"; };
		E06D159328A4D233009E4817 /* ru */ = {isa = PBXFileReference; lastKnownFileType = text.plist.strings; name = ru; path = ru.lproj/Main.strings; sourceTree = "<group>"; };
		E06D159428A4D233009E4817 /* ru */ = {isa = PBXFileReference; lastKnownFileType = text.plist.strings; name = ru; path = ru.lproj/LaunchScreen.strings; sourceTree = "<group>"; };
		E06D159828A4D8B1009E4817 /* en */ = {isa = PBXFileReference; lastKnownFileType = text.plist.strings; name = en; path = en.lproj/Localizable.strings; sourceTree = "<group>"; };
		E06D159A28A4D8B2009E4817 /* ru */ = {isa = PBXFileReference; lastKnownFileType = text.plist.strings; name = ru; path = ru.lproj/Localizable.strings; sourceTree = "<group>"; };
		E0E6D89428A0C91200602982 /* WeatherApp.app */ = {isa = PBXFileReference; explicitFileType = wrapper.application; includeInIndex = 0; path = WeatherApp.app; sourceTree = BUILT_PRODUCTS_DIR; };
		E0E6D89728A0C91200602982 /* AppDelegate.swift */ = {isa = PBXFileReference; lastKnownFileType = sourcecode.swift; path = AppDelegate.swift; sourceTree = "<group>"; };
		E0E6D89928A0C91200602982 /* SceneDelegate.swift */ = {isa = PBXFileReference; lastKnownFileType = sourcecode.swift; path = SceneDelegate.swift; sourceTree = "<group>"; };
		E0E6D89B28A0C91200602982 /* ViewController.swift */ = {isa = PBXFileReference; lastKnownFileType = sourcecode.swift; path = ViewController.swift; sourceTree = "<group>"; };
		E0E6D89E28A0C91200602982 /* Base */ = {isa = PBXFileReference; lastKnownFileType = file.storyboard; name = Base; path = Base.lproj/Main.storyboard; sourceTree = "<group>"; };
		E0E6D8A028A0C91400602982 /* Assets.xcassets */ = {isa = PBXFileReference; lastKnownFileType = folder.assetcatalog; path = Assets.xcassets; sourceTree = "<group>"; };
		E0E6D8A328A0C91400602982 /* Base */ = {isa = PBXFileReference; lastKnownFileType = file.storyboard; name = Base; path = Base.lproj/LaunchScreen.storyboard; sourceTree = "<group>"; };
		E0E6D8A528A0C91400602982 /* Info.plist */ = {isa = PBXFileReference; lastKnownFileType = text.plist.xml; path = Info.plist; sourceTree = "<group>"; };
		E0E6D8AD28A0F47100602982 /* ModalApp.swift */ = {isa = PBXFileReference; lastKnownFileType = sourcecode.swift; path = ModalApp.swift; sourceTree = "<group>"; };
		E0E6D8B028A0F52000602982 /* MainModel.swift */ = {isa = PBXFileReference; lastKnownFileType = sourcecode.swift; path = MainModel.swift; sourceTree = "<group>"; };
		E0E6D8B228A0F5C800602982 /* WindModel.swift */ = {isa = PBXFileReference; lastKnownFileType = sourcecode.swift; path = WindModel.swift; sourceTree = "<group>"; };
/* End PBXFileReference section */

/* Begin PBXFrameworksBuildPhase section */
		E0E6D89128A0C91200602982 /* Frameworks */ = {
			isa = PBXFrameworksBuildPhase;
			buildActionMask = 2147483647;
			files = (
				5946E2FEB0640ABF5533FC73 /* Pods_WeatherApp.framework in Frameworks */,
			);
			runOnlyForDeploymentPostprocessing = 0;
		};
/* End PBXFrameworksBuildPhase section */

/* Begin PBXGroup section */
		7782F5B271DAF3935E1B7E2C /* Pods */ = {
			isa = PBXGroup;
			children = (
				BDDE3536C2478D9B480B0013 /* Pods-WeatherApp.debug.xcconfig */,
				4E4FE4039E93A91F4BEA98D0 /* Pods-WeatherApp.release.xcconfig */,
			);
			path = Pods;
			sourceTree = "<group>";
		};
		8CE4BD79C774068EF02BEFED /* Frameworks */ = {
			isa = PBXGroup;
			children = (
				CDAC9185B5BE412E8C1F7570 /* Pods_WeatherApp.framework */,
			);
			name = Frameworks;
			sourceTree = "<group>";
		};
		E0E6D88B28A0C91200602982 = {
			isa = PBXGroup;
			children = (
				E06D159928A4D8B1009E4817 /* Localizable.strings */,
				E0E6D89628A0C91200602982 /* WeatherApp */,
				E0E6D89528A0C91200602982 /* Products */,
				7782F5B271DAF3935E1B7E2C /* Pods */,
				8CE4BD79C774068EF02BEFED /* Frameworks */,
			);
			sourceTree = "<group>";
		};
		E0E6D89528A0C91200602982 /* Products */ = {
			isa = PBXGroup;
			children = (
				E0E6D89428A0C91200602982 /* WeatherApp.app */,
			);
			name = Products;
			sourceTree = "<group>";
		};
		E0E6D89628A0C91200602982 /* WeatherApp */ = {
			isa = PBXGroup;
			children = (
				E0E6D89728A0C91200602982 /* AppDelegate.swift */,
				E0E6D89928A0C91200602982 /* SceneDelegate.swift */,
				E0E6D89B28A0C91200602982 /* ViewController.swift */,
				E0267A4A28A0F7CF008AEB1C /* NetworkManager.swift */,
				E0E6D8AF28A0F50000602982 /* Model */,
				E0E6D8A028A0C91400602982 /* Assets.xcassets */,
				E0E6D89D28A0C91200602982 /* Main.storyboard */,
				E0E6D8A228A0C91400602982 /* LaunchScreen.storyboard */,
				E0E6D8A528A0C91400602982 /* Info.plist */,
				E00657EA28A9EA26004EF0A8 /* GoogleService-Info.plist */,
			);
			path = WeatherApp;
			sourceTree = "<group>";
		};
		E0E6D8AF28A0F50000602982 /* Model */ = {
			isa = PBXGroup;
			children = (
				E0E6D8AD28A0F47100602982 /* ModalApp.swift */,
				E0267A7128A26DB2008AEB1C /* Coord.swift */,
				E0267A7328A276DF008AEB1C /* Weather.swift */,
				E0E6D8B028A0F52000602982 /* MainModel.swift */,
				E0E6D8B228A0F5C800602982 /* WindModel.swift */,
			);
			path = Model;
			sourceTree = "<group>";
		};
/* End PBXGroup section */

/* Begin PBXNativeTarget section */
		E0E6D89328A0C91200602982 /* WeatherApp */ = {
			isa = PBXNativeTarget;
			buildConfigurationList = E0E6D8A828A0C91400602982 /* Build configuration list for PBXNativeTarget "WeatherApp" */;
			buildPhases = (
				FE681B7742BE991E6E3DE856 /* [CP] Check Pods Manifest.lock */,
				E0E6D89028A0C91200602982 /* Sources */,
				E0E6D89128A0C91200602982 /* Frameworks */,
				E0E6D89228A0C91200602982 /* Resources */,
				A41FD350C48D6151879EA61B /* [CP] Embed Pods Frameworks */,
			);
			buildRules = (
			);
			dependencies = (
			);
			name = WeatherApp;
			productName = WeatherApp;
			productReference = E0E6D89428A0C91200602982 /* WeatherApp.app */;
			productType = "com.apple.product-type.application";
		};
/* End PBXNativeTarget section */

/* Begin PBXProject section */
		E0E6D88C28A0C91200602982 /* Project object */ = {
			isa = PBXProject;
			attributes = {
				BuildIndependentTargetsInParallel = 1;
				LastSwiftUpdateCheck = 1320;
				LastUpgradeCheck = 1320;
				TargetAttributes = {
					E0E6D89328A0C91200602982 = {
						CreatedOnToolsVersion = 13.2.1;
					};
				};
			};
			buildConfigurationList = E0E6D88F28A0C91200602982 /* Build configuration list for PBXProject "WeatherApp" */;
			compatibilityVersion = "Xcode 13.0";
			developmentRegion = en;
			hasScannedForEncodings = 0;
			knownRegions = (
				en,
				Base,
				ru,
			);
			mainGroup = E0E6D88B28A0C91200602982;
			productRefGroup = E0E6D89528A0C91200602982 /* Products */;
			projectDirPath = "";
			projectRoot = "";
			targets = (
				E0E6D89328A0C91200602982 /* WeatherApp */,
			);
		};
/* End PBXProject section */

/* Begin PBXResourcesBuildPhase section */
		E0E6D89228A0C91200602982 /* Resources */ = {
			isa = PBXResourcesBuildPhase;
			buildActionMask = 2147483647;
			files = (
				E0E6D8A428A0C91400602982 /* LaunchScreen.storyboard in Resources */,
				E06D159728A4D8B1009E4817 /* Localizable.strings in Resources */,
				E00657EB28A9EA26004EF0A8 /* GoogleService-Info.plist in Resources */,
				E0E6D8A128A0C91400602982 /* Assets.xcassets in Resources */,
				E0E6D89F28A0C91200602982 /* Main.storyboard in Resources */,
			);
			runOnlyForDeploymentPostprocessing = 0;
		};
/* End PBXResourcesBuildPhase section */

/* Begin PBXShellScriptBuildPhase section */
		A41FD350C48D6151879EA61B /* [CP] Embed Pods Frameworks */ = {
			isa = PBXShellScriptBuildPhase;
			buildActionMask = 2147483647;
			files = (
			);
			inputFileListPaths = (
				"${PODS_ROOT}/Target Support Files/Pods-WeatherApp/Pods-WeatherApp-frameworks-${CONFIGURATION}-input-files.xcfilelist",
			);
			name = "[CP] Embed Pods Frameworks";
			outputFileListPaths = (
				"${PODS_ROOT}/Target Support Files/Pods-WeatherApp/Pods-WeatherApp-frameworks-${CONFIGURATION}-output-files.xcfilelist",
			);
			runOnlyForDeploymentPostprocessing = 0;
			shellPath = /bin/sh;
			shellScript = "\"${PODS_ROOT}/Target Support Files/Pods-WeatherApp/Pods-WeatherApp-frameworks.sh\"\n";
			showEnvVarsInLog = 0;
		};
		FE681B7742BE991E6E3DE856 /* [CP] Check Pods Manifest.lock */ = {
			isa = PBXShellScriptBuildPhase;
			buildActionMask = 2147483647;
			files = (
			);
			inputFileListPaths = (
			);
			inputPaths = (
				"${PODS_PODFILE_DIR_PATH}/Podfile.lock",
				"${PODS_ROOT}/Manifest.lock",
			);
			name = "[CP] Check Pods Manifest.lock";
			outputFileListPaths = (
			);
			outputPaths = (
				"$(DERIVED_FILE_DIR)/Pods-WeatherApp-checkManifestLockResult.txt",
			);
			runOnlyForDeploymentPostprocessing = 0;
			shellPath = /bin/sh;
			shellScript = "diff \"${PODS_PODFILE_DIR_PATH}/Podfile.lock\" \"${PODS_ROOT}/Manifest.lock\" > /dev/null\nif [ $? != 0 ] ; then\n    # print error to STDERR\n    echo \"error: The sandbox is not in sync with the Podfile.lock. Run 'pod install' or update your CocoaPods installation.\" >&2\n    exit 1\nfi\n# This output is used by Xcode 'outputs' to avoid re-running this script phase.\necho \"SUCCESS\" > \"${SCRIPT_OUTPUT_FILE_0}\"\n";
			showEnvVarsInLog = 0;
		};
/* End PBXShellScriptBuildPhase section */

/* Begin PBXSourcesBuildPhase section */
		E0E6D89028A0C91200602982 /* Sources */ = {
			isa = PBXSourcesBuildPhase;
			buildActionMask = 2147483647;
			files = (
				E0E6D8B128A0F52000602982 /* MainModel.swift in Sources */,
				E0E6D89C28A0C91200602982 /* ViewController.swift in Sources */,
				E0E6D89828A0C91200602982 /* AppDelegate.swift in Sources */,
				E0267A4B28A0F7CF008AEB1C /* NetworkManager.swift in Sources */,
				E0267A7428A276DF008AEB1C /* Weather.swift in Sources */,
				E0E6D8B328A0F5C800602982 /* WindModel.swift in Sources */,
				E0267A7228A26DB2008AEB1C /* Coord.swift in Sources */,
				E0E6D89A28A0C91200602982 /* SceneDelegate.swift in Sources */,
				E0E6D8AE28A0F47100602982 /* ModalApp.swift in Sources */,
			);
			runOnlyForDeploymentPostprocessing = 0;
		};
/* End PBXSourcesBuildPhase section */

/* Begin PBXVariantGroup section */
		E06D159928A4D8B1009E4817 /* Localizable.strings */ = {
			isa = PBXVariantGroup;
			children = (
				E06D159828A4D8B1009E4817 /* en */,
				E06D159A28A4D8B2009E4817 /* ru */,
			);
			name = Localizable.strings;
			sourceTree = "<group>";
		};
		E0E6D89D28A0C91200602982 /* Main.storyboard */ = {
			isa = PBXVariantGroup;
			children = (
				E0E6D89E28A0C91200602982 /* Base */,
				E06D159328A4D233009E4817 /* ru */,
			);
			name = Main.storyboard;
			sourceTree = "<group>";
		};
		E0E6D8A228A0C91400602982 /* LaunchScreen.storyboard */ = {
			isa = PBXVariantGroup;
			children = (
				E0E6D8A328A0C91400602982 /* Base */,
				E06D159428A4D233009E4817 /* ru */,
			);
			name = LaunchScreen.storyboard;
			sourceTree = "<group>";
		};
/* End PBXVariantGroup section */

/* Begin XCBuildConfiguration section */
		E0E6D8A628A0C91400602982 /* Debug */ = {
			isa = XCBuildConfiguration;
			buildSettings = {
				ALWAYS_SEARCH_USER_PATHS = NO;
				CLANG_ANALYZER_LOCALIZABILITY_NONLOCALIZED = YES;
				CLANG_ANALYZER_NONNULL = YES;
				CLANG_ANALYZER_NUMBER_OBJECT_CONVERSION = YES_AGGRESSIVE;
				CLANG_CXX_LANGUAGE_STANDARD = "gnu++17";
				CLANG_CXX_LIBRARY = "libc++";
				CLANG_ENABLE_MODULES = YES;
				CLANG_ENABLE_OBJC_ARC = YES;
				CLANG_ENABLE_OBJC_WEAK = YES;
				CLANG_WARN_BLOCK_CAPTURE_AUTORELEASING = YES;
				CLANG_WARN_BOOL_CONVERSION = YES;
				CLANG_WARN_COMMA = YES;
				CLANG_WARN_CONSTANT_CONVERSION = YES;
				CLANG_WARN_DEPRECATED_OBJC_IMPLEMENTATIONS = YES;
				CLANG_WARN_DIRECT_OBJC_ISA_USAGE = YES_ERROR;
				CLANG_WARN_DOCUMENTATION_COMMENTS = YES;
				CLANG_WARN_EMPTY_BODY = YES;
				CLANG_WARN_ENUM_CONVERSION = YES;
				CLANG_WARN_INFINITE_RECURSION = YES;
				CLANG_WARN_INT_CONVERSION = YES;
				CLANG_WARN_NON_LITERAL_NULL_CONVERSION = YES;
				CLANG_WARN_OBJC_IMPLICIT_RETAIN_SELF = YES;
				CLANG_WARN_OBJC_LITERAL_CONVERSION = YES;
				CLANG_WARN_OBJC_ROOT_CLASS = YES_ERROR;
				CLANG_WARN_QUOTED_INCLUDE_IN_FRAMEWORK_HEADER = YES;
				CLANG_WARN_RANGE_LOOP_ANALYSIS = YES;
				CLANG_WARN_STRICT_PROTOTYPES = YES;
				CLANG_WARN_SUSPICIOUS_MOVE = YES;
				CLANG_WARN_UNGUARDED_AVAILABILITY = YES_AGGRESSIVE;
				CLANG_WARN_UNREACHABLE_CODE = YES;
				CLANG_WARN__DUPLICATE_METHOD_MATCH = YES;
				COPY_PHASE_STRIP = NO;
				DEBUG_INFORMATION_FORMAT = dwarf;
				ENABLE_STRICT_OBJC_MSGSEND = YES;
				ENABLE_TESTABILITY = YES;
				GCC_C_LANGUAGE_STANDARD = gnu11;
				GCC_DYNAMIC_NO_PIC = NO;
				GCC_NO_COMMON_BLOCKS = YES;
				GCC_OPTIMIZATION_LEVEL = 0;
				GCC_PREPROCESSOR_DEFINITIONS = (
					"DEBUG=1",
					"$(inherited)",
				);
				GCC_WARN_64_TO_32_BIT_CONVERSION = YES;
				GCC_WARN_ABOUT_RETURN_TYPE = YES_ERROR;
				GCC_WARN_UNDECLARED_SELECTOR = YES;
				GCC_WARN_UNINITIALIZED_AUTOS = YES_AGGRESSIVE;
				GCC_WARN_UNUSED_FUNCTION = YES;
				GCC_WARN_UNUSED_VARIABLE = YES;
				IPHONEOS_DEPLOYMENT_TARGET = 15.2;
				MTL_ENABLE_DEBUG_INFO = INCLUDE_SOURCE;
				MTL_FAST_MATH = YES;
				ONLY_ACTIVE_ARCH = YES;
				SDKROOT = iphoneos;
				SWIFT_ACTIVE_COMPILATION_CONDITIONS = DEBUG;
				SWIFT_OPTIMIZATION_LEVEL = "-Onone";
			};
			name = Debug;
		};
		E0E6D8A728A0C91400602982 /* Release */ = {
			isa = XCBuildConfiguration;
			buildSettings = {
				ALWAYS_SEARCH_USER_PATHS = NO;
				CLANG_ANALYZER_LOCALIZABILITY_NONLOCALIZED = YES;
				CLANG_ANALYZER_NONNULL = YES;
				CLANG_ANALYZER_NUMBER_OBJECT_CONVERSION = YES_AGGRESSIVE;
				CLANG_CXX_LANGUAGE_STANDARD = "gnu++17";
				CLANG_CXX_LIBRARY = "libc++";
				CLANG_ENABLE_MODULES = YES;
				CLANG_ENABLE_OBJC_ARC = YES;
				CLANG_ENABLE_OBJC_WEAK = YES;
				CLANG_WARN_BLOCK_CAPTURE_AUTORELEASING = YES;
				CLANG_WARN_BOOL_CONVERSION = YES;
				CLANG_WARN_COMMA = YES;
				CLANG_WARN_CONSTANT_CONVERSION = YES;
				CLANG_WARN_DEPRECATED_OBJC_IMPLEMENTATIONS = YES;
				CLANG_WARN_DIRECT_OBJC_ISA_USAGE = YES_ERROR;
				CLANG_WARN_DOCUMENTATION_COMMENTS = YES;
				CLANG_WARN_EMPTY_BODY = YES;
				CLANG_WARN_ENUM_CONVERSION = YES;
				CLANG_WARN_INFINITE_RECURSION = YES;
				CLANG_WARN_INT_CONVERSION = YES;
				CLANG_WARN_NON_LITERAL_NULL_CONVERSION = YES;
				CLANG_WARN_OBJC_IMPLICIT_RETAIN_SELF = YES;
				CLANG_WARN_OBJC_LITERAL_CONVERSION = YES;
				CLANG_WARN_OBJC_ROOT_CLASS = YES_ERROR;
				CLANG_WARN_QUOTED_INCLUDE_IN_FRAMEWORK_HEADER = YES;
				CLANG_WARN_RANGE_LOOP_ANALYSIS = YES;
				CLANG_WARN_STRICT_PROTOTYPES = YES;
				CLANG_WARN_SUSPICIOUS_MOVE = YES;
				CLANG_WARN_UNGUARDED_AVAILABILITY = YES_AGGRESSIVE;
				CLANG_WARN_UNREACHABLE_CODE = YES;
				CLANG_WARN__DUPLICATE_METHOD_MATCH = YES;
				COPY_PHASE_STRIP = NO;
				DEBUG_INFORMATION_FORMAT = "dwarf-with-dsym";
				ENABLE_NS_ASSERTIONS = NO;
				ENABLE_STRICT_OBJC_MSGSEND = YES;
				GCC_C_LANGUAGE_STANDARD = gnu11;
				GCC_NO_COMMON_BLOCKS = YES;
				GCC_WARN_64_TO_32_BIT_CONVERSION = YES;
				GCC_WARN_ABOUT_RETURN_TYPE = YES_ERROR;
				GCC_WARN_UNDECLARED_SELECTOR = YES;
				GCC_WARN_UNINITIALIZED_AUTOS = YES_AGGRESSIVE;
				GCC_WARN_UNUSED_FUNCTION = YES;
				GCC_WARN_UNUSED_VARIABLE = YES;
				IPHONEOS_DEPLOYMENT_TARGET = 15.2;
				MTL_ENABLE_DEBUG_INFO = NO;
				MTL_FAST_MATH = YES;
				SDKROOT = iphoneos;
				SWIFT_COMPILATION_MODE = wholemodule;
				SWIFT_OPTIMIZATION_LEVEL = "-O";
				VALIDATE_PRODUCT = YES;
			};
			name = Release;
		};
		E0E6D8A928A0C91400602982 /* Debug */ = {
			isa = XCBuildConfiguration;
			baseConfigurationReference = BDDE3536C2478D9B480B0013 /* Pods-WeatherApp.debug.xcconfig */;
			buildSettings = {
				ASSETCATALOG_COMPILER_APPICON_NAME = AppIcon;
				ASSETCATALOG_COMPILER_GLOBAL_ACCENT_COLOR_NAME = AccentColor;
				CODE_SIGN_STYLE = Automatic;
				CURRENT_PROJECT_VERSION = 1;
				DEVELOPMENT_TEAM = C5WR4SV79Y;
				GENERATE_INFOPLIST_FILE = YES;
				INFOPLIST_FILE = WeatherApp/Info.plist;
				INFOPLIST_KEY_UIApplicationSupportsIndirectInputEvents = YES;
				INFOPLIST_KEY_UILaunchStoryboardName = LaunchScreen;
				INFOPLIST_KEY_UIMainStoryboardFile = Main;
				INFOPLIST_KEY_UISupportedInterfaceOrientations_iPad = "UIInterfaceOrientationPortrait UIInterfaceOrientationPortraitUpsideDown UIInterfaceOrientationLandscapeLeft UIInterfaceOrientationLandscapeRight";
				INFOPLIST_KEY_UISupportedInterfaceOrientations_iPhone = "UIInterfaceOrientationPortrait UIInterfaceOrientationLandscapeLeft UIInterfaceOrientationLandscapeRight";
				LD_RUNPATH_SEARCH_PATHS = (
					"$(inherited)",
					"@executable_path/Frameworks",
				);
				MARKETING_VERSION = 1.0;
				PRODUCT_BUNDLE_IDENTIFIER = swiftMe.WeatherApp;
				PRODUCT_NAME = "$(TARGET_NAME)";
				SWIFT_EMIT_LOC_STRINGS = YES;
				SWIFT_VERSION = 5.0;
				TARGETED_DEVICE_FAMILY = "1,2";
			};
			name = Debug;
		};
		E0E6D8AA28A0C91400602982 /* Release */ = {
			isa = XCBuildConfiguration;
			baseConfigurationReference = 4E4FE4039E93A91F4BEA98D0 /* Pods-WeatherApp.release.xcconfig */;
			buildSettings = {
				ASSETCATALOG_COMPILER_APPICON_NAME = AppIcon;
				ASSETCATALOG_COMPILER_GLOBAL_ACCENT_COLOR_NAME = AccentColor;
				CODE_SIGN_STYLE = Automatic;
				CURRENT_PROJECT_VERSION = 1;
				DEVELOPMENT_TEAM = C5WR4SV79Y;
				GENERATE_INFOPLIST_FILE = YES;
				INFOPLIST_FILE = WeatherApp/Info.plist;
				INFOPLIST_KEY_UIApplicationSupportsIndirectInputEvents = YES;
				INFOPLIST_KEY_UILaunchStoryboardName = LaunchScreen;
				INFOPLIST_KEY_UIMainStoryboardFile = Main;
				INFOPLIST_KEY_UISupportedInterfaceOrientations_iPad = "UIInterfaceOrientationPortrait UIInterfaceOrientationPortraitUpsideDown UIInterfaceOrientationLandscapeLeft UIInterfaceOrientationLandscapeRight";
				INFOPLIST_KEY_UISupportedInterfaceOrientations_iPhone = "UIInterfaceOrientationPortrait UIInterfaceOrientationLandscapeLeft UIInterfaceOrientationLandscapeRight";
				LD_RUNPATH_SEARCH_PATHS = (
					"$(inherited)",
					"@executable_path/Frameworks",
				);
				MARKETING_VERSION = 1.0;
				PRODUCT_BUNDLE_IDENTIFIER = swiftMe.WeatherApp;
				PRODUCT_NAME = "$(TARGET_NAME)";
				SWIFT_EMIT_LOC_STRINGS = YES;
				SWIFT_VERSION = 5.0;
				TARGETED_DEVICE_FAMILY = "1,2";
			};
			name = Release;
		};
/* End XCBuildConfiguration section */

/* Begin XCConfigurationList section */
		E0E6D88F28A0C91200602982 /* Build configuration list for PBXProject "WeatherApp" */ = {
			isa = XCConfigurationList;
			buildConfigurations = (
				E0E6D8A628A0C91400602982 /* Debug */,
				E0E6D8A728A0C91400602982 /* Release */,
			);
			defaultConfigurationIsVisible = 0;
			defaultConfigurationName = Release;
		};
		E0E6D8A828A0C91400602982 /* Build configuration list for PBXNativeTarget "WeatherApp" */ = {
			isa = XCConfigurationList;
			buildConfigurations = (
				E0E6D8A928A0C91400602982 /* Debug */,
				E0E6D8AA28A0C91400602982 /* Release */,
			);
			defaultConfigurationIsVisible = 0;
			defaultConfigurationName = Release;
		};
/* End XCConfigurationList section */
	};
	rootObject = E0E6D88C28A0C91200602982 /* Project object */;
}
